
Microsoft Visual Studio Solution File, Format Version 12.00
# Visual Studio 2012
Project("{FAE04EC0-301F-11D3-BF4B-00C04F79EFBC}") = "SignalRSite", "SignalRSite\SignalRSite.csproj", "{20CFF492-A258-4976-A10D-E66DA34C04CE}"
EndProject
Project("{2150E333-8FDC-42A3-9474-1A3956D46DE8}") = ".nuget", ".nuget", "{C472A487-890E-4DD5-BE1F-25BDEE332005}"
	ProjectSection(SolutionItems) = preProject
		.nuget\packages.config = .nuget\packages.config
	EndProjectSection
EndProject
Global
	GlobalSection(SolutionConfigurationPlatforms) = preSolution
		Debug|Any CPU = Debug|Any CPU
		Release|Any CPU = Release|Any CPU
	EndGlobalSection
	GlobalSection(ProjectConfigurationPlatforms) = postSolution
		{20CFF492-A258-4976-A10D-E66DA34C04CE}.Debug|Any CPU.ActiveCfg = Debug|Any CPU
		{20CFF492-A258-4976-A10D-E66DA34C04CE}.Debug|Any CPU.Build.0 = Debug|Any CPU
		{20CFF492-A258-4976-A10D-E66DA34C04CE}.Release|Any CPU.ActiveCfg = Release|Any CPU
		{20CFF492-A258-4976-A10D-E66DA34C04CE}.Release|Any CPU.Build.0 = Release|Any CPU
	EndGlobalSection
	GlobalSection(SolutionProperties) = preSolution
		HideSolutionNode = FALSE
	EndGlobalSection
EndGlobal
